// !$*UTF8*$!
{
	archiveVersion = 1;
	classes = {
	};
	objectVersion = 45;
	objects = {

/* Begin PBXBuildFile section */
		2975406015CFD4772E57E4D6 /* QuartzCore.framework in Frameworks */ = {isa = PBXBuildFile; fileRef = 957F7268BCFABFC0E258709B /* QuartzCore.framework */; };
		457443B50A464B981B7F33A0 /* IOKit.framework in Frameworks */ = {isa = PBXBuildFile; fileRef = CB663B78C243F425CB5F622D /* IOKit.framework */; };
		9ED89AC12C3D9718E3B17835 /* Carbon.framework in Frameworks */ = {isa = PBXBuildFile; fileRef = 60566A081602146F3C8BA8CA /* Carbon.framework */; };
		B54FC9256679818F58A1B7FC /* Cocoa.framework in Frameworks */ = {isa = PBXBuildFile; fileRef = 04BBF96056AA4E7B57C08772 /* Cocoa.framework */; };
		B68D493CFB2FE31F3D7C57A5 /* packsound.cpp in Sources */ = {isa = PBXBuildFile; fileRef = F3835B6D83177655093922B5 /* packsound.cpp */; };
		BD1F68D147E9B32F91C8594B /* AppKit.framework in Frameworks */ = {isa = PBXBuildFile; fileRef = 6061B328817055E8B2E193D6 /* AppKit.framework */; };
		D337DA4A07D1F3CC84F2449B /* OpenGL.framework in Frameworks */ = {isa = PBXBuildFile; fileRef = 9AC54CC47F3C0DD9956B9AD3 /* OpenGL.framework */; };
/* End PBXBuildFile section */

/* Begin PBXBuildRule section */
		8F5ADA69E6CF0A5F85B84100 /* PBXBuildRule */ = {
			isa = PBXBuildRule;
			compilerSpec = com.apple.compilers.proxy.script;
			filePatterns = "*.glsl";
			fileType = pattern.proxy;
			isEditable = 1;
			outputFiles = (
				"${INPUT_FILE_DIR}/${INPUT_FILE_BASE}.h",
			);
			script = "${SDKS}/macosx/bin/stripcomments ${INPUT_FILE_PATH} -c -l g_${INPUT_FILE_BASE} ${INPUT_FILE_DIR}/${INPUT_FILE_BASE}.h";
		};
/* End PBXBuildRule section */

/* Begin PBXFileReference section */
		04BBF96056AA4E7B57C08772 /* Cocoa.framework */ = {isa = PBXFileReference; lastKnownFileType = wrapper.framework; name = Cocoa.framework; path = System/Library/Frameworks/Cocoa.framework; sourceTree = SDKROOT; };
		153770813E582A11A3AC4062 /* packsound */ = {isa = PBXFileReference; explicitFileType = compiled.mach-o.executable; includeInIndex = 0; path = packsound; sourceTree = BUILT_PRODUCTS_DIR; };
		32398A14DA8C84502195F75F /* packsound.h */ = {isa = PBXFileReference; fileEncoding = 4; lastKnownFileType = sourcecode.c.h; name = packsound.h; path = source/packsound.h; sourceTree = SOURCE_ROOT; };
		53A745DDC21ECBC748B26AF9 /* burger.toolxcoosx.xcconfig */ = {isa = PBXFileReference; fileEncoding = 4; lastKnownFileType = text.xcconfig; name = burger.toolxcoosx.xcconfig; path = xcode/burger.toolxcoosx.xcconfig; sourceTree = SDKS; };
		60566A081602146F3C8BA8CA /* Carbon.framework */ = {isa = PBXFileReference; lastKnownFileType = wrapper.framework; name = Carbon.framework; path = System/Library/Frameworks/Carbon.framework; sourceTree = SDKROOT; };
		6061B328817055E8B2E193D6 /* AppKit.framework */ = {isa = PBXFileReference; lastKnownFileType = wrapper.framework; name = AppKit.framework; path = System/Library/Frameworks/AppKit.framework; sourceTree = SDKROOT; };
		957F7268BCFABFC0E258709B /* QuartzCore.framework */ = {isa = PBXFileReference; lastKnownFileType = wrapper.framework; name = QuartzCore.framework; path = System/Library/Frameworks/QuartzCore.framework; sourceTree = SDKROOT; };
		9AC54CC47F3C0DD9956B9AD3 /* OpenGL.framework */ = {isa = PBXFileReference; lastKnownFileType = wrapper.framework; name = OpenGL.framework; path = System/Library/Frameworks/OpenGL.framework; sourceTree = SDKROOT; };
		CB663B78C243F425CB5F622D /* IOKit.framework */ = {isa = PBXFileReference; lastKnownFileType = wrapper.framework; name = IOKit.framework; path = System/Library/Frameworks/IOKit.framework; sourceTree = SDKROOT; };
		F3835B6D83177655093922B5 /* packsound.cpp */ = {isa = PBXFileReference; fileEncoding = 4; lastKnownFileType = sourcecode.cpp.cpp; name = packsound.cpp; path = source/packsound.cpp; sourceTree = SOURCE_ROOT; };
/* End PBXFileReference section */

/* Begin PBXFrameworksBuildPhase section */
		84C32067AA706885861DBAF2 /* Frameworks */ = {
			isa = PBXFrameworksBuildPhase;
			buildActionMask = 2147483647;
			files = (
				BD1F68D147E9B32F91C8594B /* AppKit.framework in Frameworks */,
				9ED89AC12C3D9718E3B17835 /* Carbon.framework in Frameworks */,
				B54FC9256679818F58A1B7FC /* Cocoa.framework in Frameworks */,
				457443B50A464B981B7F33A0 /* IOKit.framework in Frameworks */,
				D337DA4A07D1F3CC84F2449B /* OpenGL.framework in Frameworks */,
				2975406015CFD4772E57E4D6 /* QuartzCore.framework in Frameworks */,
			);
			runOnlyForDeploymentPostprocessing = 0;
		};
/* End PBXFrameworksBuildPhase section */

/* Begin PBXGroup section */
		4CE489F4A9041625DE5927C3 /* source */ = {
			isa = PBXGroup;
			children = (
				F3835B6D83177655093922B5 /* packsound.cpp */,
				32398A14DA8C84502195F75F /* packsound.h */,
			);
			path = source;
			sourceTree = SOURCE_ROOT;
		};
		50CFB971DA7264BD50846293 /* packsound */ = {
			isa = PBXGroup;
			children = (
				6555983C4FFDAFC88D6ED936 /* Frameworks */,
				9796CE949CD3951E99BB35F6 /* Products */,
				4CE489F4A9041625DE5927C3 /* source */,
				53A745DDC21ECBC748B26AF9 /* burger.toolxcoosx.xcconfig */,
			);
			name = packsound;
			sourceTree = "<group>";
		};
		6555983C4FFDAFC88D6ED936 /* Frameworks */ = {
			isa = PBXGroup;
			children = (
				6061B328817055E8B2E193D6 /* AppKit.framework */,
				60566A081602146F3C8BA8CA /* Carbon.framework */,
				04BBF96056AA4E7B57C08772 /* Cocoa.framework */,
				CB663B78C243F425CB5F622D /* IOKit.framework */,
				9AC54CC47F3C0DD9956B9AD3 /* OpenGL.framework */,
				957F7268BCFABFC0E258709B /* QuartzCore.framework */,
			);
			name = Frameworks;
			sourceTree = "<group>";
		};
		9796CE949CD3951E99BB35F6 /* Products */ = {
			isa = PBXGroup;
			children = (
				153770813E582A11A3AC4062 /* packsound */,
			);
			name = Products;
			sourceTree = "<group>";
		};
/* End PBXGroup section */

/* Begin PBXNativeTarget section */
		E5BAEE20F1E65333937E97F8 /* packsound */ = {
			isa = PBXNativeTarget;
			buildConfigurationList = 24B610ECC900D2F6B262E5AD /* Build configuration list for PBXNativeTarget "packsound" */;
			buildPhases = (
				193563A30A43A524C4061DC0 /* Sources */,
				84C32067AA706885861DBAF2 /* Frameworks */,
				B491C6B43A4AFEBA72EDE202 /* ShellScript */,
				2E2CA33F02F2C6797FC94387 /* ShellScript */,
			);
			buildRules = (
				8F5ADA69E6CF0A5F85B84100 /* PBXBuildRule */,
			);
			dependencies = (
			);
			name = packsound;
			productName = packsound;
			productReference = 153770813E582A11A3AC4062 /* packsound */;
			productType = "com.apple.product-type.tool";
		};
/* End PBXNativeTarget section */

/* Begin PBXProject section */
		D81F2798ABA480661C5010EC /* Project object */ = {
			isa = PBXProject;
			attributes = {
				BuildIndependentTargetsInParallel = YES;
			};
			buildConfigurationList = 872A09416D22001CCFA95821 /* Build configuration list for PBXProject "packsoundxc3osx" */;
			compatibilityVersion = "Xcode 3.1";
			hasScannedForEncodings = 1;
			knownRegions = (
				en,
			);
			mainGroup = 50CFB971DA7264BD50846293 /* packsound */;
			projectDirPath = "";
			projectRoot = "";
			targets = (
				E5BAEE20F1E65333937E97F8 /* packsound */,
			);
		};
/* End PBXProject section */

/* Begin PBXShellScriptBuildPhase section */
		2E2CA33F02F2C6797FC94387 /* ShellScript */ = {
			isa = PBXShellScriptBuildPhase;
			buildActionMask = 2147483647;
			files = (
			);
			inputPaths = (
				"${CONFIGURATION_BUILD_DIR}/${EXECUTABLE_NAME}",
			);
			outputPaths = (
				"${CONFIGURATION_BUILD_DIR}/../../../bin/macosx/${FINAL_OUTPUT}",
			);
			runOnlyForDeploymentPostprocessing = 0;
			shellPath = /bin/sh;
			shellScript = "if [ \"${CONFIGURATION}\" == \"Release\" ]; then\n${SDKS}/macosx/bin/p4 edit ../bin/macosx/${FINAL_OUTPUT}\n${CP} ${CONFIGURATION_BUILD_DIR}/${EXECUTABLE_NAME} ../bin/macosx/${FINAL_OUTPUT}\nfi\n\n";
			showEnvVarsInLog = 0;
		};
		B491C6B43A4AFEBA72EDE202 /* ShellScript */ = {
			isa = PBXShellScriptBuildPhase;
			buildActionMask = 2147483647;
			files = (
			);
			inputPaths = (
				"${CONFIGURATION_BUILD_DIR}/${EXECUTABLE_NAME}",
			);
			outputPaths = (
				"${SRCROOT}/bin/${EXECUTABLE_NAME}${IDESUFFIX}${SUFFIX}",
			);
			runOnlyForDeploymentPostprocessing = 0;
			shellPath = /bin/sh;
			shellScript = "if [ ! -d ${SRCROOT}/bin ]; then mkdir ${SRCROOT}/bin; fi\n${CP} ${CONFIGURATION_BUILD_DIR}/${EXECUTABLE_NAME} ${SRCROOT}/bin/${EXECUTABLE_NAME}${IDESUFFIX}${SUFFIX}\n";
			showEnvVarsInLog = 0;
		};
/* End PBXShellScriptBuildPhase section */

/* Begin PBXSourcesBuildPhase section */
		193563A30A43A524C4061DC0 /* Sources */ = {
			isa = PBXSourcesBuildPhase;
			buildActionMask = 2147483647;
			files = (
				B68D493CFB2FE31F3D7C57A5 /* packsound.cpp in Sources */,
			);
			runOnlyForDeploymentPostprocessing = 0;
		};
/* End PBXSourcesBuildPhase section */

/* Begin XCBuildConfiguration section */
		0AD89479A6F9267244955A36 /* Release */ = {
			isa = XCBuildConfiguration;
			baseConfigurationReference = 53A745DDC21ECBC748B26AF9 /* burger.toolxcoosx.xcconfig */;
			buildSettings = {
			};
			name = Release;
		};
		AFD1EFE3D6FB31324ADCA0EA /* Release */ = {
			isa = XCBuildConfiguration;
			buildSettings = {
			};
			name = Release;
		};
/* End XCBuildConfiguration section */

/* Begin XCConfigurationList section */
		24B610ECC900D2F6B262E5AD /* Build configuration list for PBXNativeTarget "packsound" */ = {
			isa = XCConfigurationList;
			buildConfigurations = (
				AFD1EFE3D6FB31324ADCA0EA /* Release */,
			);
			defaultConfigurationIsVisible = 0;
			defaultConfigurationName = Release;
		};
		872A09416D22001CCFA95821 /* Build configuration list for PBXProject "packsoundxc3osx" */ = {
			isa = XCConfigurationList;
			buildConfigurations = (
				0AD89479A6F9267244955A36 /* Release */,
			);
			defaultConfigurationIsVisible = 0;
			defaultConfigurationName = Release;
		};
/* End XCConfigurationList section */
	};
	rootObject = D81F2798ABA480661C5010EC /* Project object */;
}
